
Microsoft Visual Studio Solution File, Format Version 12.00
# Visual Studio Version 16
VisualStudioVersion = 16.0.31624.102
MinimumVisualStudioVersion = 10.0.40219.1
Project("{9A19103F-16F7-4668-BE54-9A1E7A4F7556}") = "MovieShopMVC", "MovieShopMVC\MovieShopMVC.csproj", "{8ECE1BDF-B877-40ED-8A7A-74CFEBA1454E}"
EndProject
Project("{9A19103F-16F7-4668-BE54-9A1E7A4F7556}") = "ApplicationCore", "ApplicationCore\ApplicationCore.csproj", "{CC2BC44D-8430-4260-80EF-BBB00A32C4A8}"
EndProject
Project("{9A19103F-16F7-4668-BE54-9A1E7A4F7556}") = "Infrastructure", "Infrastructure\Infrastructure.csproj", "{1E89BD7E-7DDE-4067-B995-E43E92953698}"
EndProject
Project("{FAE04EC0-301F-11D3-BF4B-00C04F79EFBC}") = "MovieShopAPI", "MovieShopAPI\MovieShopAPI.csproj", "{0A9B5EEB-5379-44A1-9766-0D024FF4D373}"
EndProject
Global
	GlobalSection(SolutionConfigurationPlatforms) = preSolution
		Debug|Any CPU = Debug|Any CPU
		Release|Any CPU = Release|Any CPU
	EndGlobalSection
	GlobalSection(ProjectConfigurationPlatforms) = postSolution
		{8ECE1BDF-B877-40ED-8A7A-74CFEBA1454E}.Debug|Any CPU.ActiveCfg = Debug|Any CPU
		{8ECE1BDF-B877-40ED-8A7A-74CFEBA1454E}.Debug|Any CPU.Build.0 = Debug|Any CPU
		{8ECE1BDF-B877-40ED-8A7A-74CFEBA1454E}.Release|Any CPU.ActiveCfg = Release|Any CPU
		{8ECE1BDF-B877-40ED-8A7A-74CFEBA1454E}.Release|Any CPU.Build.0 = Release|Any CPU
		{CC2BC44D-8430-4260-80EF-BBB00A32C4A8}.Debug|Any CPU.ActiveCfg = Debug|Any CPU
		{CC2BC44D-8430-4260-80EF-BBB00A32C4A8}.Debug|Any CPU.Build.0 = Debug|Any CPU
		{CC2BC44D-8430-4260-80EF-BBB00A32C4A8}.Release|Any CPU.ActiveCfg = Release|Any CPU
		{CC2BC44D-8430-4260-80EF-BBB00A32C4A8}.Release|Any CPU.Build.0 = Release|Any CPU
		{1E89BD7E-7DDE-4067-B995-E43E92953698}.Debug|Any CPU.ActiveCfg = Debug|Any CPU
		{1E89BD7E-7DDE-4067-B995-E43E92953698}.Debug|Any CPU.Build.0 = Debug|Any CPU
		{1E89BD7E-7DDE-4067-B995-E43E92953698}.Release|Any CPU.ActiveCfg = Release|Any CPU
		{1E89BD7E-7DDE-4067-B995-E43E92953698}.Release|Any CPU.Build.0 = Release|Any CPU
		{0A9B5EEB-5379-44A1-9766-0D024FF4D373}.Debug|Any CPU.ActiveCfg = Debug|Any CPU
		{0A9B5EEB-5379-44A1-9766-0D024FF4D373}.Debug|Any CPU.Build.0 = Debug|Any CPU
		{0A9B5EEB-5379-44A1-9766-0D024FF4D373}.Release|Any CPU.ActiveCfg = Release|Any CPU
		{0A9B5EEB-5379-44A1-9766-0D024FF4D373}.Release|Any CPU.Build.0 = Release|Any CPU
	EndGlobalSection
	GlobalSection(SolutionProperties) = preSolution
		HideSolutionNode = FALSE
	EndGlobalSection
	GlobalSection(ExtensibilityGlobals) = postSolution
		SolutionGuid = {E2EBD323-FA1E-459A-90BA-1166D8CBFD00}
	EndGlobalSection
EndGlobal
